
Microsoft Visual Studio Solution File, Format Version 12.00
# Visual Studio Version 16
VisualStudioVersion = 16.0.29613.14
MinimumVisualStudioVersion = 10.0.40219.1
Project("{9A19103F-16F7-4668-BE54-9A1E7A4F7556}") = "HealthDriveBackEnd.Web.API", "HealthDriveBackEnd.Web.API\HealthDriveBackEnd.Web.API.csproj", "{0E9EB06A-7443-469D-A271-95FB60DBB25F}"
EndProject
Project("{9A19103F-16F7-4668-BE54-9A1E7A4F7556}") = "HealthDriveBackEnd.Repositories", "HealthDriveBackEnd.Repositories\HealthDriveBackEnd.Repositories.csproj", "{DD31697F-9459-49AC-850A-D69F3A9C3D4B}"
EndProject
Project("{9A19103F-16F7-4668-BE54-9A1E7A4F7556}") = "HealthDriveBackEnd.Services", "HealthDriveBackEnd.Services\HealthDriveBackEnd.Services.csproj", "{A4142C45-C633-493D-9FED-4F9D7F2F1AD4}"
EndProject
Project("{FAE04EC0-301F-11D3-BF4B-00C04F79EFBC}") = "HealthDriveBackEnd.Shared", "HealthDriveBackEnd.Shared\HealthDriveBackEnd.Shared.csproj", "{80C29DBC-D6BC-4896-9F04-4CF230F23936}"
EndProject
Project("{FAE04EC0-301F-11D3-BF4B-00C04F79EFBC}") = "HealthDriveBackEnd.Domain", "HealthDriveBackEnd.Domain\HealthDriveBackEnd.Domain.csproj", "{C727D001-C325-43D5-A887-EE7B0DCDA70F}"
EndProject
Global
	GlobalSection(SolutionConfigurationPlatforms) = preSolution
		Debug|Any CPU = Debug|Any CPU
		Release|Any CPU = Release|Any CPU
	EndGlobalSection
	GlobalSection(ProjectConfigurationPlatforms) = postSolution
		{0E9EB06A-7443-469D-A271-95FB60DBB25F}.Debug|Any CPU.ActiveCfg = Debug|Any CPU
		{0E9EB06A-7443-469D-A271-95FB60DBB25F}.Debug|Any CPU.Build.0 = Debug|Any CPU
		{0E9EB06A-7443-469D-A271-95FB60DBB25F}.Release|Any CPU.ActiveCfg = Release|Any CPU
		{0E9EB06A-7443-469D-A271-95FB60DBB25F}.Release|Any CPU.Build.0 = Release|Any CPU
		{DD31697F-9459-49AC-850A-D69F3A9C3D4B}.Debug|Any CPU.ActiveCfg = Debug|Any CPU
		{DD31697F-9459-49AC-850A-D69F3A9C3D4B}.Debug|Any CPU.Build.0 = Debug|Any CPU
		{DD31697F-9459-49AC-850A-D69F3A9C3D4B}.Release|Any CPU.ActiveCfg = Release|Any CPU
		{DD31697F-9459-49AC-850A-D69F3A9C3D4B}.Release|Any CPU.Build.0 = Release|Any CPU
		{A4142C45-C633-493D-9FED-4F9D7F2F1AD4}.Debug|Any CPU.ActiveCfg = Debug|Any CPU
		{A4142C45-C633-493D-9FED-4F9D7F2F1AD4}.Debug|Any CPU.Build.0 = Debug|Any CPU
		{A4142C45-C633-493D-9FED-4F9D7F2F1AD4}.Release|Any CPU.ActiveCfg = Release|Any CPU
		{A4142C45-C633-493D-9FED-4F9D7F2F1AD4}.Release|Any CPU.Build.0 = Release|Any CPU
		{80C29DBC-D6BC-4896-9F04-4CF230F23936}.Debug|Any CPU.ActiveCfg = Debug|Any CPU
		{80C29DBC-D6BC-4896-9F04-4CF230F23936}.Debug|Any CPU.Build.0 = Debug|Any CPU
		{80C29DBC-D6BC-4896-9F04-4CF230F23936}.Release|Any CPU.ActiveCfg = Release|Any CPU
		{80C29DBC-D6BC-4896-9F04-4CF230F23936}.Release|Any CPU.Build.0 = Release|Any CPU
		{C727D001-C325-43D5-A887-EE7B0DCDA70F}.Debug|Any CPU.ActiveCfg = Debug|Any CPU
		{C727D001-C325-43D5-A887-EE7B0DCDA70F}.Debug|Any CPU.Build.0 = Debug|Any CPU
		{C727D001-C325-43D5-A887-EE7B0DCDA70F}.Release|Any CPU.ActiveCfg = Release|Any CPU
		{C727D001-C325-43D5-A887-EE7B0DCDA70F}.Release|Any CPU.Build.0 = Release|Any CPU
	EndGlobalSection
	GlobalSection(SolutionProperties) = preSolution
		HideSolutionNode = FALSE
	EndGlobalSection
	GlobalSection(ExtensibilityGlobals) = postSolution
		SolutionGuid = {6A6F677B-C722-41E0-8CD2-F4CB8EB11B6B}
	EndGlobalSection
EndGlobal
